// !$*UTF8*$!
{
	archiveVersion = 1;
	classes = {
	};
	objectVersion = 46;
	objects = {

/* Begin PBXBuildFile section */
		11A0035B1950828C002D6637 /* NSFileManager+Traversing.swift in Sources */ = {isa = PBXBuildFile; fileRef = 11A0035A1950828C002D6637 /* NSFileManager+Traversing.swift */; };
		11B4BA34195083DD006C77B7 /* NSImage+TextOverlay.swift in Sources */ = {isa = PBXBuildFile; fileRef = 11B4BA33195083DD006C77B7 /* NSImage+TextOverlay.swift */; };
		11B4BA361950A0D0006C77B7 /* main.swift in Sources */ = {isa = PBXBuildFile; fileRef = 11B4BA351950A0D0006C77B7 /* main.swift */; };
/* End PBXBuildFile section */

/* Begin PBXCopyFilesBuildPhase section */
		1198E07A17FD91E600BFB23E /* CopyFiles */ = {
			isa = PBXCopyFilesBuildPhase;
			buildActionMask = 2147483647;
			dstPath = /usr/share/man/man1/;
			dstSubfolderSpec = 0;
			files = (
			);
			runOnlyForDeploymentPostprocessing = 1;
		};
/* End PBXCopyFilesBuildPhase section */

/* Begin PBXFileReference section */
		1198E07C17FD91E600BFB23E /* appicon */ = {isa = PBXFileReference; explicitFileType = "compiled.mach-o.executable"; includeInIndex = 0; path = appicon; sourceTree = BUILT_PRODUCTS_DIR; };
		11A0035A1950828C002D6637 /* NSFileManager+Traversing.swift */ = {isa = PBXFileReference; fileEncoding = 4; lastKnownFileType = sourcecode.swift; path = "NSFileManager+Traversing.swift"; sourceTree = "<group>"; };
		11B4BA33195083DD006C77B7 /* NSImage+TextOverlay.swift */ = {isa = PBXFileReference; fileEncoding = 4; lastKnownFileType = sourcecode.swift; path = "NSImage+TextOverlay.swift"; sourceTree = "<group>"; };
		11B4BA351950A0D0006C77B7 /* main.swift */ = {isa = PBXFileReference; fileEncoding = 4; lastKnownFileType = sourcecode.swift; path = main.swift; sourceTree = "<group>"; };
/* End PBXFileReference section */

/* Begin PBXFrameworksBuildPhase section */
		1198E07917FD91E600BFB23E /* Frameworks */ = {
			isa = PBXFrameworksBuildPhase;
			buildActionMask = 2147483647;
			files = (
			);
			runOnlyForDeploymentPostprocessing = 0;
		};
/* End PBXFrameworksBuildPhase section */

/* Begin PBXGroup section */
		1198E07317FD91E600BFB23E = {
			isa = PBXGroup;
			children = (
				1198E08117FD91E600BFB23E /* appicon */,
				1198E07D17FD91E600BFB23E /* Products */,
			);
			sourceTree = "<group>";
		};
		1198E07D17FD91E600BFB23E /* Products */ = {
			isa = PBXGroup;
			children = (
				1198E07C17FD91E600BFB23E /* appicon */,
			);
			name = Products;
			sourceTree = "<group>";
		};
		1198E08117FD91E600BFB23E /* appicon */ = {
			isa = PBXGroup;
			children = (
				11B4BA351950A0D0006C77B7 /* main.swift */,
				11A0035A1950828C002D6637 /* NSFileManager+Traversing.swift */,
				11B4BA33195083DD006C77B7 /* NSImage+TextOverlay.swift */,
			);
			path = appicon;
			sourceTree = "<group>";
		};
/* End PBXGroup section */

/* Begin PBXNativeTarget section */
		1198E07B17FD91E600BFB23E /* appicon */ = {
			isa = PBXNativeTarget;
			buildConfigurationList = 1198E08A17FD91E600BFB23E /* Build configuration list for PBXNativeTarget "appicon" */;
			buildPhases = (
				1198E07817FD91E600BFB23E /* Sources */,
				1198E07917FD91E600BFB23E /* Frameworks */,
				1198E07A17FD91E600BFB23E /* CopyFiles */,
			);
			buildRules = (
			);
			dependencies = (
			);
			name = appicon;
			productName = appicon;
			productReference = 1198E07C17FD91E600BFB23E /* appicon */;
			productType = "com.apple.product-type.tool";
		};
/* End PBXNativeTarget section */

/* Begin PBXProject section */
		1198E07417FD91E600BFB23E /* Project object */ = {
			isa = PBXProject;
			attributes = {
				LastUpgradeCheck = 0500;
				ORGANIZATIONNAME = chebur;
			};
			buildConfigurationList = 1198E07717FD91E600BFB23E /* Build configuration list for PBXProject "appicon" */;
			compatibilityVersion = "Xcode 3.2";
			developmentRegion = English;
			hasScannedForEncodings = 0;
			knownRegions = (
				en,
			);
			mainGroup = 1198E07317FD91E600BFB23E;
			productRefGroup = 1198E07D17FD91E600BFB23E /* Products */;
			projectDirPath = "";
			projectRoot = "";
			targets = (
				1198E07B17FD91E600BFB23E /* appicon */,
			);
		};
/* End PBXProject section */

/* Begin PBXSourcesBuildPhase section */
		1198E07817FD91E600BFB23E /* Sources */ = {
			isa = PBXSourcesBuildPhase;
			buildActionMask = 2147483647;
			files = (
				11B4BA34195083DD006C77B7 /* NSImage+TextOverlay.swift in Sources */,
				11B4BA361950A0D0006C77B7 /* main.swift in Sources */,
				11A0035B1950828C002D6637 /* NSFileManager+Traversing.swift in Sources */,
			);
			runOnlyForDeploymentPostprocessing = 0;
		};
/* End PBXSourcesBuildPhase section */

/* Begin XCBuildConfiguration section */
		1198E08817FD91E600BFB23E /* Debug */ = {
			isa = XCBuildConfiguration;
			buildSettings = {
				ALWAYS_SEARCH_USER_PATHS = NO;
				CLANG_CXX_LANGUAGE_STANDARD = "gnu++0x";
				CLANG_CXX_LIBRARY = "libc++";
				CLANG_ENABLE_MODULES = YES;
				CLANG_ENABLE_OBJC_ARC = YES;
				CLANG_WARN_BOOL_CONVERSION = YES;
				CLANG_WARN_CONSTANT_CONVERSION = YES;
				CLANG_WARN_DIRECT_OBJC_ISA_USAGE = YES_ERROR;
				CLANG_WARN_EMPTY_BODY = YES;
				CLANG_WARN_ENUM_CONVERSION = YES;
				CLANG_WARN_INT_CONVERSION = YES;
				CLANG_WARN_OBJC_ROOT_CLASS = YES_ERROR;
				CLANG_WARN_UNREACHABLE_CODE = YES;
				CLANG_WARN__DUPLICATE_METHOD_MATCH = YES;
				COPY_PHASE_STRIP = NO;
				ENABLE_STRICT_OBJC_MSGSEND = YES;
				GCC_C_LANGUAGE_STANDARD = gnu99;
				GCC_DYNAMIC_NO_PIC = NO;
				GCC_OPTIMIZATION_LEVEL = 0;
				GCC_PREPROCESSOR_DEFINITIONS = (
					"DEBUG=1",
					"$(inherited)",
				);
				GCC_SYMBOLS_PRIVATE_EXTERN = NO;
				GCC_WARN_64_TO_32_BIT_CONVERSION = YES;
				GCC_WARN_ABOUT_RETURN_TYPE = YES_ERROR;
				GCC_WARN_UNDECLARED_SELECTOR = YES;
				GCC_WARN_UNINITIALIZED_AUTOS = YES_AGGRESSIVE;
				GCC_WARN_UNUSED_FUNCTION = YES;
				GCC_WARN_UNUSED_VARIABLE = YES;
				MACOSX_DEPLOYMENT_TARGET = 10.9;
				ONLY_ACTIVE_ARCH = YES;
				SDKROOT = macosx;
				SWIFT_OPTIMIZATION_LEVEL = "-Onone";
			};
			name = Debug;
		};
		1198E08917FD91E600BFB23E /* Release */ = {
			isa = XCBuildConfiguration;
			buildSettings = {
				ALWAYS_SEARCH_USER_PATHS = NO;
				CLANG_CXX_LANGUAGE_STANDARD = "gnu++0x";
				CLANG_CXX_LIBRARY = "libc++";
				CLANG_ENABLE_MODULES = YES;
				CLANG_ENABLE_OBJC_ARC = YES;
				CLANG_WARN_BOOL_CONVERSION = YES;
				CLANG_WARN_CONSTANT_CONVERSION = YES;
				CLANG_WARN_DIRECT_OBJC_ISA_USAGE = YES_ERROR;
				CLANG_WARN_EMPTY_BODY = YES;
				CLANG_WARN_ENUM_CONVERSION = YES;
				CLANG_WARN_INT_CONVERSION = YES;
				CLANG_WARN_OBJC_ROOT_CLASS = YES_ERROR;
				CLANG_WARN_UNREACHABLE_CODE = YES;
				CLANG_WARN__DUPLICATE_METHOD_MATCH = YES;
				COPY_PHASE_STRIP = YES;
				DEBUG_INFORMATION_FORMAT = "dwarf-with-dsym";
				ENABLE_NS_ASSERTIONS = NO;
				ENABLE_STRICT_OBJC_MSGSEND = YES;
				GCC_C_LANGUAGE_STANDARD = gnu99;
				GCC_WARN_64_TO_32_BIT_CONVERSION = YES;
				GCC_WARN_ABOUT_RETURN_TYPE = YES_ERROR;
				GCC_WARN_UNDECLARED_SELECTOR = YES;
				GCC_WARN_UNINITIALIZED_AUTOS = YES_AGGRESSIVE;
				GCC_WARN_UNUSED_FUNCTION = YES;
				GCC_WARN_UNUSED_VARIABLE = YES;
				MACOSX_DEPLOYMENT_TARGET = 10.9;
				SDKROOT = macosx;
			};
			name = Release;
		};
		1198E08B17FD91E600BFB23E /* Debug */ = {
			isa = XCBuildConfiguration;
			buildSettings = {
				CLANG_ENABLE_MODULES = YES;
				PRODUCT_NAME = "$(TARGET_NAME)";
			};
			name = Debug;
		};
		1198E08C17FD91E600BFB23E /* Release */ = {
			isa = XCBuildConfiguration;
			buildSettings = {
				CLANG_ENABLE_MODULES = YES;
				PRODUCT_NAME = "$(TARGET_NAME)";
			};
			name = Release;
		};
/* End XCBuildConfiguration section */

/* Begin XCConfigurationList section */
		1198E07717FD91E600BFB23E /* Build configuration list for PBXProject "appicon" */ = {
			isa = XCConfigurationList;
			buildConfigurations = (
				1198E08817FD91E600BFB23E /* Debug */,
				1198E08917FD91E600BFB23E /* Release */,
			);
			defaultConfigurationIsVisible = 0;
			defaultConfigurationName = Release;
		};
		1198E08A17FD91E600BFB23E /* Build configuration list for PBXNativeTarget "appicon" */ = {
			isa = XCConfigurationList;
			buildConfigurations = (
				1198E08B17FD91E600BFB23E /* Debug */,
				1198E08C17FD91E600BFB23E /* Release */,
			);
			defaultConfigurationIsVisible = 0;
			defaultConfigurationName = Release;
		};
/* End XCConfigurationList section */
	};
	rootObject = 1198E07417FD91E600BFB23E /* Project object */;
}
